
Microsoft Visual Studio Solution File, Format Version 12.00
# Visual Studio Version 17
VisualStudioVersion = 17.6.33815.320
MinimumVisualStudioVersion = 10.0.40219.1
Project("{FAE04EC0-301F-11D3-BF4B-00C04F79EFBC}") = "Task1", "Task1.csproj", "{97F3A8AB-5417-453D-977C-89C20856E60C}"
EndProject
Global
	GlobalSection(SolutionConfigurationPlatforms) = preSolution
		Debug|Any CPU = Debug|Any CPU
		Release|Any CPU = Release|Any CPU
	EndGlobalSection
	GlobalSection(ProjectConfigurationPlatforms) = postSolution
		{97F3A8AB-5417-453D-977C-89C20856E60C}.Debug|Any CPU.ActiveCfg = Debug|Any CPU
		{97F3A8AB-5417-453D-977C-89C20856E60C}.Debug|Any CPU.Build.0 = Debug|Any CPU
		{97F3A8AB-5417-453D-977C-89C20856E60C}.Release|Any CPU.ActiveCfg = Release|Any CPU
		{97F3A8AB-5417-453D-977C-89C20856E60C}.Release|Any CPU.Build.0 = Release|Any CPU
	EndGlobalSection
	GlobalSection(SolutionProperties) = preSolution
		HideSolutionNode = FALSE
	EndGlobalSection
	GlobalSection(ExtensibilityGlobals) = postSolution
		SolutionGuid = {253E1584-9D00-48E5-AED1-53B0EADFA49E}
	EndGlobalSection
EndGlobal
